
Microsoft Visual Studio Solution File, Format Version 12.00
# Visual Studio Version 17
VisualStudioVersion = 17.8.34330.188
MinimumVisualStudioVersion = 10.0.40219.1
Project("{2150E333-8FDC-42A3-9474-1A3956D46DE8}") = "Core", "Core", "{4A7DAA7F-A766-482C-BDA1-DB850C47FA59}"
EndProject
Project("{2150E333-8FDC-42A3-9474-1A3956D46DE8}") = "Infrastructure", "Infrastructure", "{BE7670BE-2AFE-4F4F-8318-02799B55BE2A}"
EndProject
Project("{2150E333-8FDC-42A3-9474-1A3956D46DE8}") = "Presentation", "Presentation", "{C85804C2-5690-4A5D-93F5-3252758C3E26}"
EndProject
Project("{FAE04EC0-301F-11D3-BF4B-00C04F79EFBC}") = "Epicurious.Domain", "Core\Epicurious.Domain\Epicurious.Domain.csproj", "{61FD89C6-5B9B-4FF5-9616-39F4AAFB68F8}"
EndProject
Project("{FAE04EC0-301F-11D3-BF4B-00C04F79EFBC}") = "Epicurious.Application", "Core\Epicurious.Application\Epicurious.Application.csproj", "{FA171664-ED47-44F9-AE65-2CC2EF93E0FD}"
EndProject
Project("{FAE04EC0-301F-11D3-BF4B-00C04F79EFBC}") = "Epicurious.Infrastructure", "Infrastructure\Epicurious.Infrastructure\Epicurious.Infrastructure.csproj", "{25832F8D-8ADE-4D0D-8A50-17DC63E11A4A}"
EndProject
Project("{FAE04EC0-301F-11D3-BF4B-00C04F79EFBC}") = "Epicurious.MVC", "Presentation\Epicurious.MVC\Epicurious.MVC.csproj", "{634EED99-9631-4F5C-A8FB-1F4042439CDB}"
EndProject
Project("{FAE04EC0-301F-11D3-BF4B-00C04F79EFBC}") = "Epicurious.Persistence", "Infrastructure\Epicurious.Persistence\Epicurious.Persistence.csproj", "{0A3FDBBB-F44A-46D6-BFB0-45C2CAABDEA7}"
EndProject
Global
	GlobalSection(SolutionConfigurationPlatforms) = preSolution
		Debug|Any CPU = Debug|Any CPU
		Release|Any CPU = Release|Any CPU
	EndGlobalSection
	GlobalSection(ProjectConfigurationPlatforms) = postSolution
		{61FD89C6-5B9B-4FF5-9616-39F4AAFB68F8}.Debug|Any CPU.ActiveCfg = Debug|Any CPU
		{61FD89C6-5B9B-4FF5-9616-39F4AAFB68F8}.Debug|Any CPU.Build.0 = Debug|Any CPU
		{61FD89C6-5B9B-4FF5-9616-39F4AAFB68F8}.Release|Any CPU.ActiveCfg = Release|Any CPU
		{61FD89C6-5B9B-4FF5-9616-39F4AAFB68F8}.Release|Any CPU.Build.0 = Release|Any CPU
		{FA171664-ED47-44F9-AE65-2CC2EF93E0FD}.Debug|Any CPU.ActiveCfg = Debug|Any CPU
		{FA171664-ED47-44F9-AE65-2CC2EF93E0FD}.Debug|Any CPU.Build.0 = Debug|Any CPU
		{FA171664-ED47-44F9-AE65-2CC2EF93E0FD}.Release|Any CPU.ActiveCfg = Release|Any CPU
		{FA171664-ED47-44F9-AE65-2CC2EF93E0FD}.Release|Any CPU.Build.0 = Release|Any CPU
		{25832F8D-8ADE-4D0D-8A50-17DC63E11A4A}.Debug|Any CPU.ActiveCfg = Debug|Any CPU
		{25832F8D-8ADE-4D0D-8A50-17DC63E11A4A}.Debug|Any CPU.Build.0 = Debug|Any CPU
		{25832F8D-8ADE-4D0D-8A50-17DC63E11A4A}.Release|Any CPU.ActiveCfg = Release|Any CPU
		{25832F8D-8ADE-4D0D-8A50-17DC63E11A4A}.Release|Any CPU.Build.0 = Release|Any CPU
		{634EED99-9631-4F5C-A8FB-1F4042439CDB}.Debug|Any CPU.ActiveCfg = Debug|Any CPU
		{634EED99-9631-4F5C-A8FB-1F4042439CDB}.Debug|Any CPU.Build.0 = Debug|Any CPU
		{634EED99-9631-4F5C-A8FB-1F4042439CDB}.Release|Any CPU.ActiveCfg = Release|Any CPU
		{634EED99-9631-4F5C-A8FB-1F4042439CDB}.Release|Any CPU.Build.0 = Release|Any CPU
		{0A3FDBBB-F44A-46D6-BFB0-45C2CAABDEA7}.Debug|Any CPU.ActiveCfg = Debug|Any CPU
		{0A3FDBBB-F44A-46D6-BFB0-45C2CAABDEA7}.Debug|Any CPU.Build.0 = Debug|Any CPU
		{0A3FDBBB-F44A-46D6-BFB0-45C2CAABDEA7}.Release|Any CPU.ActiveCfg = Release|Any CPU
		{0A3FDBBB-F44A-46D6-BFB0-45C2CAABDEA7}.Release|Any CPU.Build.0 = Release|Any CPU
	EndGlobalSection
	GlobalSection(SolutionProperties) = preSolution
		HideSolutionNode = FALSE
	EndGlobalSection
	GlobalSection(NestedProjects) = preSolution
		{61FD89C6-5B9B-4FF5-9616-39F4AAFB68F8} = {4A7DAA7F-A766-482C-BDA1-DB850C47FA59}
		{FA171664-ED47-44F9-AE65-2CC2EF93E0FD} = {4A7DAA7F-A766-482C-BDA1-DB850C47FA59}
		{25832F8D-8ADE-4D0D-8A50-17DC63E11A4A} = {BE7670BE-2AFE-4F4F-8318-02799B55BE2A}
		{634EED99-9631-4F5C-A8FB-1F4042439CDB} = {C85804C2-5690-4A5D-93F5-3252758C3E26}
		{0A3FDBBB-F44A-46D6-BFB0-45C2CAABDEA7} = {BE7670BE-2AFE-4F4F-8318-02799B55BE2A}
	EndGlobalSection
	GlobalSection(ExtensibilityGlobals) = postSolution
		SolutionGuid = {DD479367-8550-49B2-B270-DDF97D2CBB95}
	EndGlobalSection
EndGlobal
